// !$*UTF8*$!
{
	archiveVersion = 1;
	classes = {
	};
	objectVersion = 51;
	objects = {

/* Begin PBXBuildFile section */
		224DA96F23B05B8B00E1B72A /* AppDelegate.swift in Sources */ = {isa = PBXBuildFile; fileRef = 224DA96E23B05B8B00E1B72A /* AppDelegate.swift */; };
		224DA97123B05B8B00E1B72A /* SceneDelegate.swift in Sources */ = {isa = PBXBuildFile; fileRef = 224DA97023B05B8B00E1B72A /* SceneDelegate.swift */; };
		224DA97323B05B8B00E1B72A /* ViewController.swift in Sources */ = {isa = PBXBuildFile; fileRef = 224DA97223B05B8B00E1B72A /* ViewController.swift */; };
		224DA97623B05B8B00E1B72A /* Main.storyboard in Resources */ = {isa = PBXBuildFile; fileRef = 224DA97423B05B8B00E1B72A /* Main.storyboard */; };
		224DA97823B05B8E00E1B72A /* Assets.xcassets in Resources */ = {isa = PBXBuildFile; fileRef = 224DA97723B05B8E00E1B72A /* Assets.xcassets */; };
		224DA97B23B05B8E00E1B72A /* LaunchScreen.storyboard in Resources */ = {isa = PBXBuildFile; fileRef = 224DA97923B05B8E00E1B72A /* LaunchScreen.storyboard */; };
		224DA98323B066A600E1B72A /* PageInfo.swift in Sources */ = {isa = PBXBuildFile; fileRef = 224DA98223B066A600E1B72A /* PageInfo.swift */; };
		224DA98523B066B900E1B72A /* Record.swift in Sources */ = {isa = PBXBuildFile; fileRef = 224DA98423B066B900E1B72A /* Record.swift */; };
		224DA98723B0734700E1B72A /* NewsCell.swift in Sources */ = {isa = PBXBuildFile; fileRef = 224DA98623B0734700E1B72A /* NewsCell.swift */; };
		224DA98923B07D8C00E1B72A /* DetailViewController.swift in Sources */ = {isa = PBXBuildFile; fileRef = 224DA98823B07D8C00E1B72A /* DetailViewController.swift */; };
		37DE76DD26E186195F5A5C2A /* Pods_HRCrawler.framework in Frameworks */ = {isa = PBXBuildFile; fileRef = 305AAB2551DDE997230CD4D9 /* Pods_HRCrawler.framework */; };
/* End PBXBuildFile section */

/* Begin PBXFileReference section */
		224DA96B23B05B8B00E1B72A /* HRCrawler.app */ = {isa = PBXFileReference; explicitFileType = wrapper.application; includeInIndex = 0; path = HRCrawler.app; sourceTree = BUILT_PRODUCTS_DIR; };
		224DA96E23B05B8B00E1B72A /* AppDelegate.swift */ = {isa = PBXFileReference; lastKnownFileType = sourcecode.swift; path = AppDelegate.swift; sourceTree = "<group>"; };
		224DA97023B05B8B00E1B72A /* SceneDelegate.swift */ = {isa = PBXFileReference; lastKnownFileType = sourcecode.swift; path = SceneDelegate.swift; sourceTree = "<group>"; };
		224DA97223B05B8B00E1B72A /* ViewController.swift */ = {isa = PBXFileReference; lastKnownFileType = sourcecode.swift; path = ViewController.swift; sourceTree = "<group>"; };
		224DA97523B05B8B00E1B72A /* Base */ = {isa = PBXFileReference; lastKnownFileType = file.storyboard; name = Base; path = Base.lproj/Main.storyboard; sourceTree = "<group>"; };
		224DA97723B05B8E00E1B72A /* Assets.xcassets */ = {isa = PBXFileReference; lastKnownFileType = folder.assetcatalog; path = Assets.xcassets; sourceTree = "<group>"; };
		224DA97A23B05B8E00E1B72A /* Base */ = {isa = PBXFileReference; lastKnownFileType = file.storyboard; name = Base; path = Base.lproj/LaunchScreen.storyboard; sourceTree = "<group>"; };
		224DA97C23B05B8E00E1B72A /* Info.plist */ = {isa = PBXFileReference; lastKnownFileType = text.plist.xml; path = Info.plist; sourceTree = "<group>"; };
		224DA98223B066A600E1B72A /* PageInfo.swift */ = {isa = PBXFileReference; lastKnownFileType = sourcecode.swift; path = PageInfo.swift; sourceTree = "<group>"; };
		224DA98423B066B900E1B72A /* Record.swift */ = {isa = PBXFileReference; lastKnownFileType = sourcecode.swift; path = Record.swift; sourceTree = "<group>"; };
		224DA98623B0734700E1B72A /* NewsCell.swift */ = {isa = PBXFileReference; lastKnownFileType = sourcecode.swift; path = NewsCell.swift; sourceTree = "<group>"; };
		224DA98823B07D8C00E1B72A /* DetailViewController.swift */ = {isa = PBXFileReference; lastKnownFileType = sourcecode.swift; path = DetailViewController.swift; sourceTree = "<group>"; };
		305AAB2551DDE997230CD4D9 /* Pods_HRCrawler.framework */ = {isa = PBXFileReference; explicitFileType = wrapper.framework; includeInIndex = 0; path = Pods_HRCrawler.framework; sourceTree = BUILT_PRODUCTS_DIR; };
		7C9CC91C8263367670314476 /* Pods-HRCrawler.debug.xcconfig */ = {isa = PBXFileReference; includeInIndex = 1; lastKnownFileType = text.xcconfig; name = "Pods-HRCrawler.debug.xcconfig"; path = "Target Support Files/Pods-HRCrawler/Pods-HRCrawler.debug.xcconfig"; sourceTree = "<group>"; };
		9DB448E62485D643DE4E47A5 /* Pods-HRCrawler.release.xcconfig */ = {isa = PBXFileReference; includeInIndex = 1; lastKnownFileType = text.xcconfig; name = "Pods-HRCrawler.release.xcconfig"; path = "Target Support Files/Pods-HRCrawler/Pods-HRCrawler.release.xcconfig"; sourceTree = "<group>"; };
/* End PBXFileReference section */

/* Begin PBXFrameworksBuildPhase section */
		224DA96823B05B8B00E1B72A /* Frameworks */ = {
			isa = PBXFrameworksBuildPhase;
			buildActionMask = 2147483647;
			files = (
				37DE76DD26E186195F5A5C2A /* Pods_HRCrawler.framework in Frameworks */,
			);
			runOnlyForDeploymentPostprocessing = 0;
		};
/* End PBXFrameworksBuildPhase section */

/* Begin PBXGroup section */
		224DA96223B05B8B00E1B72A = {
			isa = PBXGroup;
			children = (
				224DA96D23B05B8B00E1B72A /* HRCrawler */,
				224DA96C23B05B8B00E1B72A /* Products */,
				EA682B21493367492F440A32 /* Pods */,
				75C6461CE33690A8A973E342 /* Frameworks */,
			);
			sourceTree = "<group>";
		};
		224DA96C23B05B8B00E1B72A /* Products */ = {
			isa = PBXGroup;
			children = (
				224DA96B23B05B8B00E1B72A /* HRCrawler.app */,
			);
			name = Products;
			sourceTree = "<group>";
		};
		224DA96D23B05B8B00E1B72A /* HRCrawler */ = {
			isa = PBXGroup;
			children = (
				224DA96E23B05B8B00E1B72A /* AppDelegate.swift */,
				224DA97023B05B8B00E1B72A /* SceneDelegate.swift */,
				224DA97223B05B8B00E1B72A /* ViewController.swift */,
				224DA97423B05B8B00E1B72A /* Main.storyboard */,
				224DA97723B05B8E00E1B72A /* Assets.xcassets */,
				224DA97923B05B8E00E1B72A /* LaunchScreen.storyboard */,
				224DA97C23B05B8E00E1B72A /* Info.plist */,
				224DA98223B066A600E1B72A /* PageInfo.swift */,
				224DA98423B066B900E1B72A /* Record.swift */,
				224DA98623B0734700E1B72A /* NewsCell.swift */,
				224DA98823B07D8C00E1B72A /* DetailViewController.swift */,
			);
			path = HRCrawler;
			sourceTree = "<group>";
		};
		75C6461CE33690A8A973E342 /* Frameworks */ = {
			isa = PBXGroup;
			children = (
				305AAB2551DDE997230CD4D9 /* Pods_HRCrawler.framework */,
			);
			name = Frameworks;
			sourceTree = "<group>";
		};
		EA682B21493367492F440A32 /* Pods */ = {
			isa = PBXGroup;
			children = (
				7C9CC91C8263367670314476 /* Pods-HRCrawler.debug.xcconfig */,
				9DB448E62485D643DE4E47A5 /* Pods-HRCrawler.release.xcconfig */,
			);
			path = Pods;
			sourceTree = "<group>";
		};
/* End PBXGroup section */

/* Begin PBXNativeTarget section */
		224DA96A23B05B8B00E1B72A /* HRCrawler */ = {
			isa = PBXNativeTarget;
			buildConfigurationList = 224DA97F23B05B8E00E1B72A /* Build configuration list for PBXNativeTarget "HRCrawler" */;
			buildPhases = (
				1C9C3AD17002B2D799C7FA81 /* [CP] Check Pods Manifest.lock */,
				224DA96723B05B8B00E1B72A /* Sources */,
				224DA96823B05B8B00E1B72A /* Frameworks */,
				224DA96923B05B8B00E1B72A /* Resources */,
				AF3418D8DBE98ACB88C5C342 /* [CP] Embed Pods Frameworks */,
			);
			buildRules = (
			);
			dependencies = (
			);
			name = HRCrawler;
			productName = HRCrawler;
			productReference = 224DA96B23B05B8B00E1B72A /* HRCrawler.app */;
			productType = "com.apple.product-type.application";
		};
/* End PBXNativeTarget section */

/* Begin PBXProject section */
		224DA96323B05B8B00E1B72A /* Project object */ = {
			isa = PBXProject;
			attributes = {
				LastSwiftUpdateCheck = 1100;
				LastUpgradeCheck = 1100;
				ORGANIZATIONNAME = sam;
				TargetAttributes = {
					224DA96A23B05B8B00E1B72A = {
						CreatedOnToolsVersion = 11.0;
					};
				};
			};
			buildConfigurationList = 224DA96623B05B8B00E1B72A /* Build configuration list for PBXProject "HRCrawler" */;
			compatibilityVersion = "Xcode 9.3";
			developmentRegion = en;
			hasScannedForEncodings = 0;
			knownRegions = (
				en,
				Base,
			);
			mainGroup = 224DA96223B05B8B00E1B72A;
			productRefGroup = 224DA96C23B05B8B00E1B72A /* Products */;
			projectDirPath = "";
			projectRoot = "";
			targets = (
				224DA96A23B05B8B00E1B72A /* HRCrawler */,
			);
		};
/* End PBXProject section */

/* Begin PBXResourcesBuildPhase section */
		224DA96923B05B8B00E1B72A /* Resources */ = {
			isa = PBXResourcesBuildPhase;
			buildActionMask = 2147483647;
			files = (
				224DA97B23B05B8E00E1B72A /* LaunchScreen.storyboard in Resources */,
				224DA97823B05B8E00E1B72A /* Assets.xcassets in Resources */,
				224DA97623B05B8B00E1B72A /* Main.storyboard in Resources */,
			);
			runOnlyForDeploymentPostprocessing = 0;
		};
/* End PBXResourcesBuildPhase section */

/* Begin PBXShellScriptBuildPhase section */
		1C9C3AD17002B2D799C7FA81 /* [CP] Check Pods Manifest.lock */ = {
			isa = PBXShellScriptBuildPhase;
			buildActionMask = 2147483647;
			files = (
			);
			inputFileListPaths = (
			);
			inputPaths = (
				"${PODS_PODFILE_DIR_PATH}/Podfile.lock",
				"${PODS_ROOT}/Manifest.lock",
			);
			name = "[CP] Check Pods Manifest.lock";
			outputFileListPaths = (
			);
			outputPaths = (
				"$(DERIVED_FILE_DIR)/Pods-HRCrawler-checkManifestLockResult.txt",
			);
			runOnlyForDeploymentPostprocessing = 0;
			shellPath = /bin/sh;
			shellScript = "diff \"${PODS_PODFILE_DIR_PATH}/Podfile.lock\" \"${PODS_ROOT}/Manifest.lock\" > /dev/null\nif [ $? != 0 ] ; then\n    # print error to STDERR\n    echo \"error: The sandbox is not in sync with the Podfile.lock. Run 'pod install' or update your CocoaPods installation.\" >&2\n    exit 1\nfi\n# This output is used by Xcode 'outputs' to avoid re-running this script phase.\necho \"SUCCESS\" > \"${SCRIPT_OUTPUT_FILE_0}\"\n";
			showEnvVarsInLog = 0;
		};
		AF3418D8DBE98ACB88C5C342 /* [CP] Embed Pods Frameworks */ = {
			isa = PBXShellScriptBuildPhase;
			buildActionMask = 2147483647;
			files = (
			);
			inputFileListPaths = (
				"${PODS_ROOT}/Target Support Files/Pods-HRCrawler/Pods-HRCrawler-frameworks-${CONFIGURATION}-input-files.xcfilelist",
			);
			name = "[CP] Embed Pods Frameworks";
			outputFileListPaths = (
				"${PODS_ROOT}/Target Support Files/Pods-HRCrawler/Pods-HRCrawler-frameworks-${CONFIGURATION}-output-files.xcfilelist",
			);
			runOnlyForDeploymentPostprocessing = 0;
			shellPath = /bin/sh;
			shellScript = "\"${PODS_ROOT}/Target Support Files/Pods-HRCrawler/Pods-HRCrawler-frameworks.sh\"\n";
			showEnvVarsInLog = 0;
		};
/* End PBXShellScriptBuildPhase section */

/* Begin PBXSourcesBuildPhase section */
		224DA96723B05B8B00E1B72A /* Sources */ = {
			isa = PBXSourcesBuildPhase;
			buildActionMask = 2147483647;
			files = (
				224DA97323B05B8B00E1B72A /* ViewController.swift in Sources */,
				224DA96F23B05B8B00E1B72A /* AppDelegate.swift in Sources */,
				224DA98523B066B900E1B72A /* Record.swift in Sources */,
				224DA98323B066A600E1B72A /* PageInfo.swift in Sources */,
				224DA98723B0734700E1B72A /* NewsCell.swift in Sources */,
				224DA97123B05B8B00E1B72A /* SceneDelegate.swift in Sources */,
				224DA98923B07D8C00E1B72A /* DetailViewController.swift in Sources */,
			);
			runOnlyForDeploymentPostprocessing = 0;
		};
/* End PBXSourcesBuildPhase section */

/* Begin PBXVariantGroup section */
		224DA97423B05B8B00E1B72A /* Main.storyboard */ = {
			isa = PBXVariantGroup;
			children = (
				224DA97523B05B8B00E1B72A /* Base */,
			);
			name = Main.storyboard;
			sourceTree = "<group>";
		};
		224DA97923B05B8E00E1B72A /* LaunchScreen.storyboard */ = {
			isa = PBXVariantGroup;
			children = (
				224DA97A23B05B8E00E1B72A /* Base */,
			);
			name = LaunchScreen.storyboard;
			sourceTree = "<group>";
		};
/* End PBXVariantGroup section */

/* Begin XCBuildConfiguration section */
		224DA97D23B05B8E00E1B72A /* Debug */ = {
			isa = XCBuildConfiguration;
			buildSettings = {
				ALWAYS_SEARCH_USER_PATHS = NO;
				CLANG_ANALYZER_NONNULL = YES;
				CLANG_ANALYZER_NUMBER_OBJECT_CONVERSION = YES_AGGRESSIVE;
				CLANG_CXX_LANGUAGE_STANDARD = "gnu++14";
				CLANG_CXX_LIBRARY = "libc++";
				CLANG_ENABLE_MODULES = YES;
				CLANG_ENABLE_OBJC_ARC = YES;
				CLANG_ENABLE_OBJC_WEAK = YES;
				CLANG_WARN_BLOCK_CAPTURE_AUTORELEASING = YES;
				CLANG_WARN_BOOL_CONVERSION = YES;
				CLANG_WARN_COMMA = YES;
				CLANG_WARN_CONSTANT_CONVERSION = YES;
				CLANG_WARN_DEPRECATED_OBJC_IMPLEMENTATIONS = YES;
				CLANG_WARN_DIRECT_OBJC_ISA_USAGE = YES_ERROR;
				CLANG_WARN_DOCUMENTATION_COMMENTS = YES;
				CLANG_WARN_EMPTY_BODY = YES;
				CLANG_WARN_ENUM_CONVERSION = YES;
				CLANG_WARN_INFINITE_RECURSION = YES;
				CLANG_WARN_INT_CONVERSION = YES;
				CLANG_WARN_NON_LITERAL_NULL_CONVERSION = YES;
				CLANG_WARN_OBJC_IMPLICIT_RETAIN_SELF = YES;
				CLANG_WARN_OBJC_LITERAL_CONVERSION = YES;
				CLANG_WARN_OBJC_ROOT_CLASS = YES_ERROR;
				CLANG_WARN_RANGE_LOOP_ANALYSIS = YES;
				CLANG_WARN_STRICT_PROTOTYPES = YES;
				CLANG_WARN_SUSPICIOUS_MOVE = YES;
				CLANG_WARN_UNGUARDED_AVAILABILITY = YES_AGGRESSIVE;
				CLANG_WARN_UNREACHABLE_CODE = YES;
				CLANG_WARN__DUPLICATE_METHOD_MATCH = YES;
				COPY_PHASE_STRIP = NO;
				DEBUG_INFORMATION_FORMAT = dwarf;
				ENABLE_STRICT_OBJC_MSGSEND = YES;
				ENABLE_TESTABILITY = YES;
				GCC_C_LANGUAGE_STANDARD = gnu11;
				GCC_DYNAMIC_NO_PIC = NO;
				GCC_NO_COMMON_BLOCKS = YES;
				GCC_OPTIMIZATION_LEVEL = 0;
				GCC_PREPROCESSOR_DEFINITIONS = (
					"DEBUG=1",
					"$(inherited)",
				);
				GCC_WARN_64_TO_32_BIT_CONVERSION = YES;
				GCC_WARN_ABOUT_RETURN_TYPE = YES_ERROR;
				GCC_WARN_UNDECLARED_SELECTOR = YES;
				GCC_WARN_UNINITIALIZED_AUTOS = YES_AGGRESSIVE;
				GCC_WARN_UNUSED_FUNCTION = YES;
				GCC_WARN_UNUSED_VARIABLE = YES;
				IPHONEOS_DEPLOYMENT_TARGET = 13.0;
				MTL_ENABLE_DEBUG_INFO = INCLUDE_SOURCE;
				MTL_FAST_MATH = YES;
				ONLY_ACTIVE_ARCH = YES;
				SDKROOT = iphoneos;
				SWIFT_ACTIVE_COMPILATION_CONDITIONS = DEBUG;
				SWIFT_OPTIMIZATION_LEVEL = "-Onone";
			};
			name = Debug;
		};
		224DA97E23B05B8E00E1B72A /* Release */ = {
			isa = XCBuildConfiguration;
			buildSettings = {
				ALWAYS_SEARCH_USER_PATHS = NO;
				CLANG_ANALYZER_NONNULL = YES;
				CLANG_ANALYZER_NUMBER_OBJECT_CONVERSION = YES_AGGRESSIVE;
				CLANG_CXX_LANGUAGE_STANDARD = "gnu++14";
				CLANG_CXX_LIBRARY = "libc++";
				CLANG_ENABLE_MODULES = YES;
				CLANG_ENABLE_OBJC_ARC = YES;
				CLANG_ENABLE_OBJC_WEAK = YES;
				CLANG_WARN_BLOCK_CAPTURE_AUTORELEASING = YES;
				CLANG_WARN_BOOL_CONVERSION = YES;
				CLANG_WARN_COMMA = YES;
				CLANG_WARN_CONSTANT_CONVERSION = YES;
				CLANG_WARN_DEPRECATED_OBJC_IMPLEMENTATIONS = YES;
				CLANG_WARN_DIRECT_OBJC_ISA_USAGE = YES_ERROR;
				CLANG_WARN_DOCUMENTATION_COMMENTS = YES;
				CLANG_WARN_EMPTY_BODY = YES;
				CLANG_WARN_ENUM_CONVERSION = YES;
				CLANG_WARN_INFINITE_RECURSION = YES;
				CLANG_WARN_INT_CONVERSION = YES;
				CLANG_WARN_NON_LITERAL_NULL_CONVERSION = YES;
				CLANG_WARN_OBJC_IMPLICIT_RETAIN_SELF = YES;
				CLANG_WARN_OBJC_LITERAL_CONVERSION = YES;
				CLANG_WARN_OBJC_ROOT_CLASS = YES_ERROR;
				CLANG_WARN_RANGE_LOOP_ANALYSIS = YES;
				CLANG_WARN_STRICT_PROTOTYPES = YES;
				CLANG_WARN_SUSPICIOUS_MOVE = YES;
				CLANG_WARN_UNGUARDED_AVAILABILITY = YES_AGGRESSIVE;
				CLANG_WARN_UNREACHABLE_CODE = YES;
				CLANG_WARN__DUPLICATE_METHOD_MATCH = YES;
				COPY_PHASE_STRIP = NO;
				DEBUG_INFORMATION_FORMAT = "dwarf-with-dsym";
				ENABLE_NS_ASSERTIONS = NO;
				ENABLE_STRICT_OBJC_MSGSEND = YES;
				GCC_C_LANGUAGE_STANDARD = gnu11;
				GCC_NO_COMMON_BLOCKS = YES;
				GCC_WARN_64_TO_32_BIT_CONVERSION = YES;
				GCC_WARN_ABOUT_RETURN_TYPE = YES_ERROR;
				GCC_WARN_UNDECLARED_SELECTOR = YES;
				GCC_WARN_UNINITIALIZED_AUTOS = YES_AGGRESSIVE;
				GCC_WARN_UNUSED_FUNCTION = YES;
				GCC_WARN_UNUSED_VARIABLE = YES;
				IPHONEOS_DEPLOYMENT_TARGET = 13.0;
				MTL_ENABLE_DEBUG_INFO = NO;
				MTL_FAST_MATH = YES;
				SDKROOT = iphoneos;
				SWIFT_COMPILATION_MODE = wholemodule;
				SWIFT_OPTIMIZATION_LEVEL = "-O";
				VALIDATE_PRODUCT = YES;
			};
			name = Release;
		};
		224DA98023B05B8E00E1B72A /* Debug */ = {
			isa = XCBuildConfiguration;
			baseConfigurationReference = 7C9CC91C8263367670314476 /* Pods-HRCrawler.debug.xcconfig */;
			buildSettings = {
				ASSETCATALOG_COMPILER_APPICON_NAME = AppIcon;
				CODE_SIGN_STYLE = Automatic;
				INFOPLIST_FILE = HRCrawler/Info.plist;
				LD_RUNPATH_SEARCH_PATHS = (
					"$(inherited)",
					"@executable_path/Frameworks",
				);
				PRODUCT_BUNDLE_IDENTIFIER = nju.sam.HRCrawler;
				PRODUCT_NAME = "$(TARGET_NAME)";
				SWIFT_VERSION = 5.0;
				TARGETED_DEVICE_FAMILY = "1,2";
			};
			name = Debug;
		};
		224DA98123B05B8E00E1B72A /* Release */ = {
			isa = XCBuildConfiguration;
			baseConfigurationReference = 9DB448E62485D643DE4E47A5 /* Pods-HRCrawler.release.xcconfig */;
			buildSettings = {
				ASSETCATALOG_COMPILER_APPICON_NAME = AppIcon;
				CODE_SIGN_STYLE = Automatic;
				INFOPLIST_FILE = HRCrawler/Info.plist;
				LD_RUNPATH_SEARCH_PATHS = (
					"$(inherited)",
					"@executable_path/Frameworks",
				);
				PRODUCT_BUNDLE_IDENTIFIER = nju.sam.HRCrawler;
				PRODUCT_NAME = "$(TARGET_NAME)";
				SWIFT_VERSION = 5.0;
				TARGETED_DEVICE_FAMILY = "1,2";
			};
			name = Release;
		};
/* End XCBuildConfiguration section */

/* Begin XCConfigurationList section */
		224DA96623B05B8B00E1B72A /* Build configuration list for PBXProject "HRCrawler" */ = {
			isa = XCConfigurationList;
			buildConfigurations = (
				224DA97D23B05B8E00E1B72A /* Debug */,
				224DA97E23B05B8E00E1B72A /* Release */,
			);
			defaultConfigurationIsVisible = 0;
			defaultConfigurationName = Release;
		};
		224DA97F23B05B8E00E1B72A /* Build configuration list for PBXNativeTarget "HRCrawler" */ = {
			isa = XCConfigurationList;
			buildConfigurations = (
				224DA98023B05B8E00E1B72A /* Debug */,
				224DA98123B05B8E00E1B72A /* Release */,
			);
			defaultConfigurationIsVisible = 0;
			defaultConfigurationName = Release;
		};
/* End XCConfigurationList section */
	};
	rootObject = 224DA96323B05B8B00E1B72A /* Project object */;
}
